
Microsoft Visual Studio Solution File, Format Version 12.00
# Visual Studio Version 16
VisualStudioVersion = 16.0.31129.286
MinimumVisualStudioVersion = 10.0.40219.1
Project("{9A19103F-16F7-4668-BE54-9A1E7A4F7556}") = "Html", "htlm\Html.csproj", "{E2487659-63CE-4893-9DE9-77FD5C556DC0}"
EndProject
Global
	GlobalSection(SolutionConfigurationPlatforms) = preSolution
		Debug|Any CPU = Debug|Any CPU
		Release|Any CPU = Release|Any CPU
	EndGlobalSection
	GlobalSection(ProjectConfigurationPlatforms) = postSolution
		{E2487659-63CE-4893-9DE9-77FD5C556DC0}.Debug|Any CPU.ActiveCfg = Debug|Any CPU
		{E2487659-63CE-4893-9DE9-77FD5C556DC0}.Debug|Any CPU.Build.0 = Debug|Any CPU
		{E2487659-63CE-4893-9DE9-77FD5C556DC0}.Release|Any CPU.ActiveCfg = Release|Any CPU
		{E2487659-63CE-4893-9DE9-77FD5C556DC0}.Release|Any CPU.Build.0 = Release|Any CPU
	EndGlobalSection
	GlobalSection(SolutionProperties) = preSolution
		HideSolutionNode = FALSE
	EndGlobalSection
	GlobalSection(ExtensibilityGlobals) = postSolution
		SolutionGuid = {D1FC5CA8-88EB-4C70-8425-4C57C7F1B576}
	EndGlobalSection
EndGlobal
